// !$*UTF8*$!
{
	archiveVersion = 1;
	classes = {
	};
	objectVersion = 50;
	objects = {

/* Begin PBXBuildFile section */
		4628EB202664C6C200FC6694 /* JacketDetailView.swift in Sources */ = {isa = PBXBuildFile; fileRef = 4628EB1F2664C6C200FC6694 /* JacketDetailView.swift */; };
		4628EB232664C87F00FC6694 /* ShoeDetailView.swift in Sources */ = {isa = PBXBuildFile; fileRef = 4628EB222664C87F00FC6694 /* ShoeDetailView.swift */; };
		4628EB262664CB3600FC6694 /* BootsCartView.swift in Sources */ = {isa = PBXBuildFile; fileRef = 4628EB252664CB3600FC6694 /* BootsCartView.swift */; };
		4628EB292664CC6600FC6694 /* BootsDetailView.swift in Sources */ = {isa = PBXBuildFile; fileRef = 4628EB282664CC6600FC6694 /* BootsDetailView.swift */; };
		46956CA42660FBFF0012F00E /* AppDelegate.swift in Sources */ = {isa = PBXBuildFile; fileRef = 46956CA32660FBFF0012F00E /* AppDelegate.swift */; };
		46956CA62660FBFF0012F00E /* SceneDelegate.swift in Sources */ = {isa = PBXBuildFile; fileRef = 46956CA52660FBFF0012F00E /* SceneDelegate.swift */; };
		46956CA82660FBFF0012F00E /* HomeView.swift in Sources */ = {isa = PBXBuildFile; fileRef = 46956CA72660FBFF0012F00E /* HomeView.swift */; };
		46956CAA2660FC050012F00E /* Assets.xcassets in Resources */ = {isa = PBXBuildFile; fileRef = 46956CA92660FC050012F00E /* Assets.xcassets */; };
		46956CAD2660FC050012F00E /* Preview Assets.xcassets in Resources */ = {isa = PBXBuildFile; fileRef = 46956CAC2660FC050012F00E /* Preview Assets.xcassets */; };
		46956CB02660FC050012F00E /* LaunchScreen.storyboard in Resources */ = {isa = PBXBuildFile; fileRef = 46956CAE2660FC050012F00E /* LaunchScreen.storyboard */; };
		46956CC02660FC970012F00E /* Clothing.swift in Sources */ = {isa = PBXBuildFile; fileRef = 46956CBF2660FC970012F00E /* Clothing.swift */; };
		46956CC32660FCCC0012F00E /* TopHeaderView.swift in Sources */ = {isa = PBXBuildFile; fileRef = 46956CC22660FCCC0012F00E /* TopHeaderView.swift */; };
		46956CC6266101350012F00E /* SearchAreaView.swift in Sources */ = {isa = PBXBuildFile; fileRef = 46956CC5266101350012F00E /* SearchAreaView.swift */; };
		46956CC9266101BC0012F00E /* CategoryButtonView.swift in Sources */ = {isa = PBXBuildFile; fileRef = 46956CC8266101BC0012F00E /* CategoryButtonView.swift */; };
		46956CCC266103CD0012F00E /* JacketCartView.swift in Sources */ = {isa = PBXBuildFile; fileRef = 46956CCB266103CD0012F00E /* JacketCartView.swift */; };
		46956CCF266104070012F00E /* ShoeCartView.swift in Sources */ = {isa = PBXBuildFile; fileRef = 46956CCE266104070012F00E /* ShoeCartView.swift */; };
/* End PBXBuildFile section */

/* Begin PBXFileReference section */
		4628EB1F2664C6C200FC6694 /* JacketDetailView.swift */ = {isa = PBXFileReference; lastKnownFileType = sourcecode.swift; path = JacketDetailView.swift; sourceTree = "<group>"; };
		4628EB222664C87F00FC6694 /* ShoeDetailView.swift */ = {isa = PBXFileReference; lastKnownFileType = sourcecode.swift; path = ShoeDetailView.swift; sourceTree = "<group>"; };
		4628EB252664CB3600FC6694 /* BootsCartView.swift */ = {isa = PBXFileReference; lastKnownFileType = sourcecode.swift; path = BootsCartView.swift; sourceTree = "<group>"; };
		4628EB282664CC6600FC6694 /* BootsDetailView.swift */ = {isa = PBXFileReference; lastKnownFileType = sourcecode.swift; path = BootsDetailView.swift; sourceTree = "<group>"; };
		46956CA02660FBFF0012F00E /* XpressBotique.app */ = {isa = PBXFileReference; explicitFileType = wrapper.application; includeInIndex = 0; path = XpressBotique.app; sourceTree = BUILT_PRODUCTS_DIR; };
		46956CA32660FBFF0012F00E /* AppDelegate.swift */ = {isa = PBXFileReference; lastKnownFileType = sourcecode.swift; path = AppDelegate.swift; sourceTree = "<group>"; };
		46956CA52660FBFF0012F00E /* SceneDelegate.swift */ = {isa = PBXFileReference; lastKnownFileType = sourcecode.swift; path = SceneDelegate.swift; sourceTree = "<group>"; };
		46956CA72660FBFF0012F00E /* HomeView.swift */ = {isa = PBXFileReference; lastKnownFileType = sourcecode.swift; path = HomeView.swift; sourceTree = "<group>"; };
		46956CA92660FC050012F00E /* Assets.xcassets */ = {isa = PBXFileReference; lastKnownFileType = folder.assetcatalog; path = Assets.xcassets; sourceTree = "<group>"; };
		46956CAC2660FC050012F00E /* Preview Assets.xcassets */ = {isa = PBXFileReference; lastKnownFileType = folder.assetcatalog; path = "Preview Assets.xcassets"; sourceTree = "<group>"; };
		46956CAF2660FC050012F00E /* Base */ = {isa = PBXFileReference; lastKnownFileType = file.storyboard; name = Base; path = Base.lproj/LaunchScreen.storyboard; sourceTree = "<group>"; };
		46956CB12660FC050012F00E /* Info.plist */ = {isa = PBXFileReference; lastKnownFileType = text.plist.xml; path = Info.plist; sourceTree = "<group>"; };
		46956CBF2660FC970012F00E /* Clothing.swift */ = {isa = PBXFileReference; lastKnownFileType = sourcecode.swift; path = Clothing.swift; sourceTree = "<group>"; };
		46956CC22660FCCC0012F00E /* TopHeaderView.swift */ = {isa = PBXFileReference; lastKnownFileType = sourcecode.swift; path = TopHeaderView.swift; sourceTree = "<group>"; };
		46956CC5266101350012F00E /* SearchAreaView.swift */ = {isa = PBXFileReference; lastKnownFileType = sourcecode.swift; path = SearchAreaView.swift; sourceTree = "<group>"; };
		46956CC8266101BC0012F00E /* CategoryButtonView.swift */ = {isa = PBXFileReference; lastKnownFileType = sourcecode.swift; path = CategoryButtonView.swift; sourceTree = "<group>"; };
		46956CCB266103CD0012F00E /* JacketCartView.swift */ = {isa = PBXFileReference; lastKnownFileType = sourcecode.swift; path = JacketCartView.swift; sourceTree = "<group>"; };
		46956CCE266104070012F00E /* ShoeCartView.swift */ = {isa = PBXFileReference; lastKnownFileType = sourcecode.swift; path = ShoeCartView.swift; sourceTree = "<group>"; };
/* End PBXFileReference section */

/* Begin PBXFrameworksBuildPhase section */
		46956C9D2660FBFF0012F00E /* Frameworks */ = {
			isa = PBXFrameworksBuildPhase;
			buildActionMask = 2147483647;
			files = (
			);
			runOnlyForDeploymentPostprocessing = 0;
		};
/* End PBXFrameworksBuildPhase section */

/* Begin PBXGroup section */
		46956C972660FBFF0012F00E = {
			isa = PBXGroup;
			children = (
				46956CA22660FBFF0012F00E /* XpressBotique */,
				46956CA12660FBFF0012F00E /* Products */,
			);
			sourceTree = "<group>";
		};
		46956CA12660FBFF0012F00E /* Products */ = {
			isa = PBXGroup;
			children = (
				46956CA02660FBFF0012F00E /* XpressBotique.app */,
			);
			name = Products;
			sourceTree = "<group>";
		};
		46956CA22660FBFF0012F00E /* XpressBotique */ = {
			isa = PBXGroup;
			children = (
				46956CB92660FC180012F00E /* ViewModels */,
				46956CB82660FC120012F00E /* Models */,
				46956CA32660FBFF0012F00E /* AppDelegate.swift */,
				46956CA52660FBFF0012F00E /* SceneDelegate.swift */,
				46956CBC2660FC350012F00E /* Views */,
				46956CA92660FC050012F00E /* Assets.xcassets */,
				46956CAE2660FC050012F00E /* LaunchScreen.storyboard */,
				46956CB12660FC050012F00E /* Info.plist */,
				46956CAB2660FC050012F00E /* Preview Content */,
			);
			path = XpressBotique;
			sourceTree = "<group>";
		};
		46956CAB2660FC050012F00E /* Preview Content */ = {
			isa = PBXGroup;
			children = (
				46956CAC2660FC050012F00E /* Preview Assets.xcassets */,
			);
			path = "Preview Content";
			sourceTree = "<group>";
		};
		46956CB82660FC120012F00E /* Models */ = {
			isa = PBXGroup;
			children = (
				46956CBF2660FC970012F00E /* Clothing.swift */,
			);
			path = Models;
			sourceTree = "<group>";
		};
		46956CB92660FC180012F00E /* ViewModels */ = {
			isa = PBXGroup;
			children = (
				46956CC22660FCCC0012F00E /* TopHeaderView.swift */,
				46956CC5266101350012F00E /* SearchAreaView.swift */,
				46956CC8266101BC0012F00E /* CategoryButtonView.swift */,
				46956CCB266103CD0012F00E /* JacketCartView.swift */,
				46956CCE266104070012F00E /* ShoeCartView.swift */,
				4628EB252664CB3600FC6694 /* BootsCartView.swift */,
			);
			path = ViewModels;
			sourceTree = "<group>";
		};
		46956CBC2660FC350012F00E /* Views */ = {
			isa = PBXGroup;
			children = (
				46956CA72660FBFF0012F00E /* HomeView.swift */,
				4628EB1F2664C6C200FC6694 /* JacketDetailView.swift */,
				4628EB222664C87F00FC6694 /* ShoeDetailView.swift */,
				4628EB282664CC6600FC6694 /* BootsDetailView.swift */,
			);
			path = Views;
			sourceTree = "<group>";
		};
/* End PBXGroup section */

/* Begin PBXNativeTarget section */
		46956C9F2660FBFF0012F00E /* XpressBotique */ = {
			isa = PBXNativeTarget;
			buildConfigurationList = 46956CB42660FC050012F00E /* Build configuration list for PBXNativeTarget "XpressBotique" */;
			buildPhases = (
				46956C9C2660FBFF0012F00E /* Sources */,
				46956C9D2660FBFF0012F00E /* Frameworks */,
				46956C9E2660FBFF0012F00E /* Resources */,
			);
			buildRules = (
			);
			dependencies = (
			);
			name = XpressBotique;
			productName = XpressBotique;
			productReference = 46956CA02660FBFF0012F00E /* XpressBotique.app */;
			productType = "com.apple.product-type.application";
		};
/* End PBXNativeTarget section */

/* Begin PBXProject section */
		46956C982660FBFF0012F00E /* Project object */ = {
			isa = PBXProject;
			attributes = {
				LastSwiftUpdateCheck = 1240;
				LastUpgradeCheck = 1240;
				TargetAttributes = {
					46956C9F2660FBFF0012F00E = {
						CreatedOnToolsVersion = 12.4;
					};
				};
			};
			buildConfigurationList = 46956C9B2660FBFF0012F00E /* Build configuration list for PBXProject "XpressBotique" */;
			compatibilityVersion = "Xcode 9.3";
			developmentRegion = en;
			hasScannedForEncodings = 0;
			knownRegions = (
				en,
				Base,
			);
			mainGroup = 46956C972660FBFF0012F00E;
			productRefGroup = 46956CA12660FBFF0012F00E /* Products */;
			projectDirPath = "";
			projectRoot = "";
			targets = (
				46956C9F2660FBFF0012F00E /* XpressBotique */,
			);
		};
/* End PBXProject section */

/* Begin PBXResourcesBuildPhase section */
		46956C9E2660FBFF0012F00E /* Resources */ = {
			isa = PBXResourcesBuildPhase;
			buildActionMask = 2147483647;
			files = (
				46956CB02660FC050012F00E /* LaunchScreen.storyboard in Resources */,
				46956CAD2660FC050012F00E /* Preview Assets.xcassets in Resources */,
				46956CAA2660FC050012F00E /* Assets.xcassets in Resources */,
			);
			runOnlyForDeploymentPostprocessing = 0;
		};
/* End PBXResourcesBuildPhase section */

/* Begin PBXSourcesBuildPhase section */
		46956C9C2660FBFF0012F00E /* Sources */ = {
			isa = PBXSourcesBuildPhase;
			buildActionMask = 2147483647;
			files = (
				46956CC32660FCCC0012F00E /* TopHeaderView.swift in Sources */,
				4628EB292664CC6600FC6694 /* BootsDetailView.swift in Sources */,
				4628EB232664C87F00FC6694 /* ShoeDetailView.swift in Sources */,
				4628EB262664CB3600FC6694 /* BootsCartView.swift in Sources */,
				46956CA42660FBFF0012F00E /* AppDelegate.swift in Sources */,
				46956CC02660FC970012F00E /* Clothing.swift in Sources */,
				4628EB202664C6C200FC6694 /* JacketDetailView.swift in Sources */,
				46956CC9266101BC0012F00E /* CategoryButtonView.swift in Sources */,
				46956CA62660FBFF0012F00E /* SceneDelegate.swift in Sources */,
				46956CA82660FBFF0012F00E /* HomeView.swift in Sources */,
				46956CCC266103CD0012F00E /* JacketCartView.swift in Sources */,
				46956CCF266104070012F00E /* ShoeCartView.swift in Sources */,
				46956CC6266101350012F00E /* SearchAreaView.swift in Sources */,
			);
			runOnlyForDeploymentPostprocessing = 0;
		};
/* End PBXSourcesBuildPhase section */

/* Begin PBXVariantGroup section */
		46956CAE2660FC050012F00E /* LaunchScreen.storyboard */ = {
			isa = PBXVariantGroup;
			children = (
				46956CAF2660FC050012F00E /* Base */,
			);
			name = LaunchScreen.storyboard;
			sourceTree = "<group>";
		};
/* End PBXVariantGroup section */

/* Begin XCBuildConfiguration section */
		46956CB22660FC050012F00E /* Debug */ = {
			isa = XCBuildConfiguration;
			buildSettings = {
				ALWAYS_SEARCH_USER_PATHS = NO;
				CLANG_ANALYZER_NONNULL = YES;
				CLANG_ANALYZER_NUMBER_OBJECT_CONVERSION = YES_AGGRESSIVE;
				CLANG_CXX_LANGUAGE_STANDARD = "gnu++14";
				CLANG_CXX_LIBRARY = "libc++";
				CLANG_ENABLE_MODULES = YES;
				CLANG_ENABLE_OBJC_ARC = YES;
				CLANG_ENABLE_OBJC_WEAK = YES;
				CLANG_WARN_BLOCK_CAPTURE_AUTORELEASING = YES;
				CLANG_WARN_BOOL_CONVERSION = YES;
				CLANG_WARN_COMMA = YES;
				CLANG_WARN_CONSTANT_CONVERSION = YES;
				CLANG_WARN_DEPRECATED_OBJC_IMPLEMENTATIONS = YES;
				CLANG_WARN_DIRECT_OBJC_ISA_USAGE = YES_ERROR;
				CLANG_WARN_DOCUMENTATION_COMMENTS = YES;
				CLANG_WARN_EMPTY_BODY = YES;
				CLANG_WARN_ENUM_CONVERSION = YES;
				CLANG_WARN_INFINITE_RECURSION = YES;
				CLANG_WARN_INT_CONVERSION = YES;
				CLANG_WARN_NON_LITERAL_NULL_CONVERSION = YES;
				CLANG_WARN_OBJC_IMPLICIT_RETAIN_SELF = YES;
				CLANG_WARN_OBJC_LITERAL_CONVERSION = YES;
				CLANG_WARN_OBJC_ROOT_CLASS = YES_ERROR;
				CLANG_WARN_QUOTED_INCLUDE_IN_FRAMEWORK_HEADER = YES;
				CLANG_WARN_RANGE_LOOP_ANALYSIS = YES;
				CLANG_WARN_STRICT_PROTOTYPES = YES;
				CLANG_WARN_SUSPICIOUS_MOVE = YES;
				CLANG_WARN_UNGUARDED_AVAILABILITY = YES_AGGRESSIVE;
				CLANG_WARN_UNREACHABLE_CODE = YES;
				CLANG_WARN__DUPLICATE_METHOD_MATCH = YES;
				COPY_PHASE_STRIP = NO;
				DEBUG_INFORMATION_FORMAT = dwarf;
				ENABLE_STRICT_OBJC_MSGSEND = YES;
				ENABLE_TESTABILITY = YES;
				GCC_C_LANGUAGE_STANDARD = gnu11;
				GCC_DYNAMIC_NO_PIC = NO;
				GCC_NO_COMMON_BLOCKS = YES;
				GCC_OPTIMIZATION_LEVEL = 0;
				GCC_PREPROCESSOR_DEFINITIONS = (
					"DEBUG=1",
					"$(inherited)",
				);
				GCC_WARN_64_TO_32_BIT_CONVERSION = YES;
				GCC_WARN_ABOUT_RETURN_TYPE = YES_ERROR;
				GCC_WARN_UNDECLARED_SELECTOR = YES;
				GCC_WARN_UNINITIALIZED_AUTOS = YES_AGGRESSIVE;
				GCC_WARN_UNUSED_FUNCTION = YES;
				GCC_WARN_UNUSED_VARIABLE = YES;
				IPHONEOS_DEPLOYMENT_TARGET = 14.4;
				MTL_ENABLE_DEBUG_INFO = INCLUDE_SOURCE;
				MTL_FAST_MATH = YES;
				ONLY_ACTIVE_ARCH = YES;
				SDKROOT = iphoneos;
				SWIFT_ACTIVE_COMPILATION_CONDITIONS = DEBUG;
				SWIFT_OPTIMIZATION_LEVEL = "-Onone";
			};
			name = Debug;
		};
		46956CB32660FC050012F00E /* Release */ = {
			isa = XCBuildConfiguration;
			buildSettings = {
				ALWAYS_SEARCH_USER_PATHS = NO;
				CLANG_ANALYZER_NONNULL = YES;
				CLANG_ANALYZER_NUMBER_OBJECT_CONVERSION = YES_AGGRESSIVE;
				CLANG_CXX_LANGUAGE_STANDARD = "gnu++14";
				CLANG_CXX_LIBRARY = "libc++";
				CLANG_ENABLE_MODULES = YES;
				CLANG_ENABLE_OBJC_ARC = YES;
				CLANG_ENABLE_OBJC_WEAK = YES;
				CLANG_WARN_BLOCK_CAPTURE_AUTORELEASING = YES;
				CLANG_WARN_BOOL_CONVERSION = YES;
				CLANG_WARN_COMMA = YES;
				CLANG_WARN_CONSTANT_CONVERSION = YES;
				CLANG_WARN_DEPRECATED_OBJC_IMPLEMENTATIONS = YES;
				CLANG_WARN_DIRECT_OBJC_ISA_USAGE = YES_ERROR;
				CLANG_WARN_DOCUMENTATION_COMMENTS = YES;
				CLANG_WARN_EMPTY_BODY = YES;
				CLANG_WARN_ENUM_CONVERSION = YES;
				CLANG_WARN_INFINITE_RECURSION = YES;
				CLANG_WARN_INT_CONVERSION = YES;
				CLANG_WARN_NON_LITERAL_NULL_CONVERSION = YES;
				CLANG_WARN_OBJC_IMPLICIT_RETAIN_SELF = YES;
				CLANG_WARN_OBJC_LITERAL_CONVERSION = YES;
				CLANG_WARN_OBJC_ROOT_CLASS = YES_ERROR;
				CLANG_WARN_QUOTED_INCLUDE_IN_FRAMEWORK_HEADER = YES;
				CLANG_WARN_RANGE_LOOP_ANALYSIS = YES;
				CLANG_WARN_STRICT_PROTOTYPES = YES;
				CLANG_WARN_SUSPICIOUS_MOVE = YES;
				CLANG_WARN_UNGUARDED_AVAILABILITY = YES_AGGRESSIVE;
				CLANG_WARN_UNREACHABLE_CODE = YES;
				CLANG_WARN__DUPLICATE_METHOD_MATCH = YES;
				COPY_PHASE_STRIP = NO;
				DEBUG_INFORMATION_FORMAT = "dwarf-with-dsym";
				ENABLE_NS_ASSERTIONS = NO;
				ENABLE_STRICT_OBJC_MSGSEND = YES;
				GCC_C_LANGUAGE_STANDARD = gnu11;
				GCC_NO_COMMON_BLOCKS = YES;
				GCC_WARN_64_TO_32_BIT_CONVERSION = YES;
				GCC_WARN_ABOUT_RETURN_TYPE = YES_ERROR;
				GCC_WARN_UNDECLARED_SELECTOR = YES;
				GCC_WARN_UNINITIALIZED_AUTOS = YES_AGGRESSIVE;
				GCC_WARN_UNUSED_FUNCTION = YES;
				GCC_WARN_UNUSED_VARIABLE = YES;
				IPHONEOS_DEPLOYMENT_TARGET = 14.4;
				MTL_ENABLE_DEBUG_INFO = NO;
				MTL_FAST_MATH = YES;
				SDKROOT = iphoneos;
				SWIFT_COMPILATION_MODE = wholemodule;
				SWIFT_OPTIMIZATION_LEVEL = "-O";
				VALIDATE_PRODUCT = YES;
			};
			name = Release;
		};
		46956CB52660FC050012F00E /* Debug */ = {
			isa = XCBuildConfiguration;
			buildSettings = {
				ASSETCATALOG_COMPILER_APPICON_NAME = AppIcon;
				ASSETCATALOG_COMPILER_GLOBAL_ACCENT_COLOR_NAME = AccentColor;
				CODE_SIGN_STYLE = Automatic;
				DEVELOPMENT_ASSET_PATHS = "\"XpressBotique/Preview Content\"";
				DEVELOPMENT_TEAM = 5J7S4GW5V2;
				ENABLE_PREVIEWS = YES;
				INFOPLIST_FILE = XpressBotique/Info.plist;
				LD_RUNPATH_SEARCH_PATHS = (
					"$(inherited)",
					"@executable_path/Frameworks",
				);
				PRODUCT_BUNDLE_IDENTIFIER = "IACD-Academy.XpressBotique";
				PRODUCT_NAME = "$(TARGET_NAME)";
				SWIFT_VERSION = 5.0;
				TARGETED_DEVICE_FAMILY = "1,2";
			};
			name = Debug;
		};
		46956CB62660FC050012F00E /* Release */ = {
			isa = XCBuildConfiguration;
			buildSettings = {
				ASSETCATALOG_COMPILER_APPICON_NAME = AppIcon;
				ASSETCATALOG_COMPILER_GLOBAL_ACCENT_COLOR_NAME = AccentColor;
				CODE_SIGN_STYLE = Automatic;
				DEVELOPMENT_ASSET_PATHS = "\"XpressBotique/Preview Content\"";
				DEVELOPMENT_TEAM = 5J7S4GW5V2;
				ENABLE_PREVIEWS = YES;
				INFOPLIST_FILE = XpressBotique/Info.plist;
				LD_RUNPATH_SEARCH_PATHS = (
					"$(inherited)",
					"@executable_path/Frameworks",
				);
				PRODUCT_BUNDLE_IDENTIFIER = "IACD-Academy.XpressBotique";
				PRODUCT_NAME = "$(TARGET_NAME)";
				SWIFT_VERSION = 5.0;
				TARGETED_DEVICE_FAMILY = "1,2";
			};
			name = Release;
		};
/* End XCBuildConfiguration section */

/* Begin XCConfigurationList section */
		46956C9B2660FBFF0012F00E /* Build configuration list for PBXProject "XpressBotique" */ = {
			isa = XCConfigurationList;
			buildConfigurations = (
				46956CB22660FC050012F00E /* Debug */,
				46956CB32660FC050012F00E /* Release */,
			);
			defaultConfigurationIsVisible = 0;
			defaultConfigurationName = Release;
		};
		46956CB42660FC050012F00E /* Build configuration list for PBXNativeTarget "XpressBotique" */ = {
			isa = XCConfigurationList;
			buildConfigurations = (
				46956CB52660FC050012F00E /* Debug */,
				46956CB62660FC050012F00E /* Release */,
			);
			defaultConfigurationIsVisible = 0;
			defaultConfigurationName = Release;
		};
/* End XCConfigurationList section */
	};
	rootObject = 46956C982660FBFF0012F00E /* Project object */;
}
